lockfileVersion: '9.0'

settings:
  autoInstallPeers: true
  excludeLinksFromLockfile: false

importers:

  .:
    dependencies:
      '@trpc/server':
        specifier: 11.0.0-rc.700
        version: 11.0.0-rc.700(typescript@5.7.3)
      busboy:
        specifier: ^1.6.0
        version: 1.6.0
      date-fns:
        specifier: ^4.1.0
        version: 4.1.0
      nanoid:
        specifier: ^5.0.9
        version: 5.0.9
      papaparse:
        specifier: ^5.5.1
        version: 5.5.1
      postgres:
        specifier: ^3.4.5
        version: 3.4.5
      superjson:
        specifier: ^2.2.2
        version: 2.2.2
      valibot:
        specifier: 1.0.0-beta.11
        version: 1.0.0-beta.11(typescript@5.7.3)
    devDependencies:
      '@trivago/prettier-plugin-sort-imports':
        specifier: ^5.2.1
        version: 5.2.1(prettier@3.4.2)
      '@types/busboy':
        specifier: ^1.5.4
        version: 1.5.4
      '@types/node':
        specifier: ^22.10.7
        version: 22.10.7
      '@types/papaparse':
        specifier: ^5.3.15
        version: 5.3.15
      dotenv:
        specifier: ^16.4.7
        version: 16.4.7
      prettier:
        specifier: ^3.4.2
        version: 3.4.2
      rolldown:
        specifier: 1.0.0-beta.1
        version: 1.0.0-beta.1

packages:

  '@babel/code-frame@7.26.2':
    resolution: {integrity: sha512-RJlIHRueQgwWitWgF8OdFYGZX328Ax5BCemNGlqHfplnRT9ESi8JkFlvaVYbS+UubVY6dpv87Fs2u5M29iNFVQ==}
    engines: {node: '>=6.9.0'}

  '@babel/generator@7.26.5':
    resolution: {integrity: sha512-2caSP6fN9I7HOe6nqhtft7V4g7/V/gfDsC3Ag4W7kEzzvRGKqiv0pu0HogPiZ3KaVSoNDhUws6IJjDjpfmYIXw==}
    engines: {node: '>=6.9.0'}

  '@babel/helper-string-parser@7.25.9':
    resolution: {integrity: sha512-4A/SCr/2KLd5jrtOMFzaKjVtAei3+2r/NChoBNoZ3EyP/+GlhoaEGoWOZUmFmoITP7zOJyHIMm+DYRd8o3PvHA==}
    engines: {node: '>=6.9.0'}

  '@babel/helper-validator-identifier@7.25.9':
    resolution: {integrity: sha512-Ed61U6XJc3CVRfkERJWDz4dJwKe7iLmmJsbOGu9wSloNSFttHV0I8g6UAgb7qnK5ly5bGLPd4oXZlxCdANBOWQ==}
    engines: {node: '>=6.9.0'}

  '@babel/parser@7.26.5':
    resolution: {integrity: sha512-SRJ4jYmXRqV1/Xc+TIVG84WjHBXKlxO9sHQnA2Pf12QQEAp1LOh6kDzNHXcUnbH1QI0FDoPPVOt+vyUDucxpaw==}
    engines: {node: '>=6.0.0'}
    hasBin: true

  '@babel/template@7.25.9':
    resolution: {integrity: sha512-9DGttpmPvIxBb/2uwpVo3dqJ+O6RooAFOS+lB+xDqoE2PVCE8nfoHMdZLpfCQRLwvohzXISPZcgxt80xLfsuwg==}
    engines: {node: '>=6.9.0'}

  '@babel/traverse@7.26.5':
    resolution: {integrity: sha512-rkOSPOw+AXbgtwUga3U4u8RpoK9FEFWBNAlTpcnkLFjL5CT+oyHNuUUC/xx6XefEJ16r38r8Bc/lfp6rYuHeJQ==}
    engines: {node: '>=6.9.0'}

  '@babel/types@7.26.5':
    resolution: {integrity: sha512-L6mZmwFDK6Cjh1nRCLXpa6no13ZIioJDz7mdkzHv399pThrTa/k0nUlNaenOeh2kWu/iaOQYElEpKPUswUa9Vg==}
    engines: {node: '>=6.9.0'}

  '@emnapi/core@1.3.1':
    resolution: {integrity: sha512-pVGjBIt1Y6gg3EJN8jTcfpP/+uuRksIo055oE/OBkDNcjZqVbfkWCksG1Jp4yZnj3iKWyWX8fdG/j6UDYPbFog==}

  '@emnapi/runtime@1.3.1':
    resolution: {integrity: sha512-kEBmG8KyqtxJZv+ygbEim+KCGtIq1fC22Ms3S4ziXmYKm8uyoLX0MHONVKwp+9opg390VaKRNt4a7A9NwmpNhw==}

  '@emnapi/wasi-threads@1.0.1':
    resolution: {integrity: sha512-iIBu7mwkq4UQGeMEM8bLwNK962nXdhodeScX4slfQnRhEMMzvYivHhutCIk8uojvmASXXPC2WNEjwxFWk72Oqw==}

  '@jridgewell/gen-mapping@0.3.8':
    resolution: {integrity: sha512-imAbBGkb+ebQyxKgzv5Hu2nmROxoDOXHh80evxdoXNOrvAnVx7zimzc1Oo5h9RlfV4vPXaE2iM5pOFbvOCClWA==}
    engines: {node: '>=6.0.0'}

  '@jridgewell/resolve-uri@3.1.2':
    resolution: {integrity: sha512-bRISgCIjP20/tbWSPWMEi54QVPRZExkuD9lJL+UIxUKtwVJA8wW1Trb1jMs1RFXo1CBTNZ/5hpC9QvmKWdopKw==}
    engines: {node: '>=6.0.0'}

  '@jridgewell/set-array@1.2.1':
    resolution: {integrity: sha512-R8gLRTZeyp03ymzP/6Lil/28tGeGEzhx1q2k703KGWRAI1VdvPIXdG70VJc2pAMw3NA6JKL5hhFu1sJX0Mnn/A==}
    engines: {node: '>=6.0.0'}

  '@jridgewell/sourcemap-codec@1.5.0':
    resolution: {integrity: sha512-gv3ZRaISU3fjPAgNsriBRqGWQL6quFx04YMPW/zD8XMLsU32mhCCbfbO6KZFLjvYpCZ8zyDEgqsgf+PwPaM7GQ==}

  '@jridgewell/trace-mapping@0.3.25':
    resolution: {integrity: sha512-vNk6aEwybGtawWmy/PzwnGDOjCkLWSD2wqvjGGAgOAwCGWySYXfYoxt00IJkTF+8Lb57DwOb3Aa0o9CApepiYQ==}

  '@napi-rs/wasm-runtime@0.2.6':
    resolution: {integrity: sha512-z8YVS3XszxFTO73iwvFDNpQIzdMmSDTP/mB3E/ucR37V3Sx57hSExcXyMoNwaucWxnsWf4xfbZv0iZ30jr0M4Q==}

  '@rolldown/binding-darwin-arm64@1.0.0-beta.1':
    resolution: {integrity: sha512-e4QpTp7eu61JilK958i21RK/HniwVLjZgfShqoQY1VM+KDYz90cNuopKQ3Z3oCkvyAN3xI8IaRhy02nlxdR/DA==}
    cpu: [arm64]
    os: [darwin]

  '@rolldown/binding-darwin-x64@1.0.0-beta.1':
    resolution: {integrity: sha512-+WHRLrogJl99EQ6HtYhy7EwIZ1wicD0RSX2T5mjfOM6AmPwPTXQ0n6MKOs1abU6ZyCj5Izlo6rLsao0h9FMUDA==}
    cpu: [x64]
    os: [darwin]

  '@rolldown/binding-freebsd-x64@1.0.0-beta.1':
    resolution: {integrity: sha512-ZP9Q1q4IfvJ8dfWTHOF3cquNpAKuQQ+kZJQTxo85fGnKqtqMWFNouaBVd79pqCxU3w4oIjuZ8o55qNDomMTbVA==}
    cpu: [x64]
    os: [freebsd]

  '@rolldown/binding-linux-arm-gnueabihf@1.0.0-beta.1':
    resolution: {integrity: sha512-B/R4Vt8f8z/WmW9Y9NMgA+t5bCfRLmgZohs5mWf8KoD5FRlpvJtCo/SnD7fEg9npHEP5A28+Cikiyd7aCcKPSA==}
    cpu: [arm]
    os: [linux]

  '@rolldown/binding-linux-arm64-gnu@1.0.0-beta.1':
    resolution: {integrity: sha512-xkGD+YLH+vQZiqxKEsXe8xS/owQXkyARaNB9NfFrAacLoNIRZM5UEZGNKxXyRWd1kSEkYkJ3/WiqvGGCcqUg1A==}
    cpu: [arm64]
    os: [linux]

  '@rolldown/binding-linux-arm64-musl@1.0.0-beta.1':
    resolution: {integrity: sha512-Ey2UxKFL74JuWpdNl9stpV0kxHZIgCWCEUnDnpQ1hcBwO9KwDM5qicLtXfsjozD6vt+xzbrL2D/uTrziYZ7IDQ==}
    cpu: [arm64]
    os: [linux]

  '@rolldown/binding-linux-x64-gnu@1.0.0-beta.1':
    resolution: {integrity: sha512-a8QP35x/3mggWqCpFtaF3/PbWl5P9QKpP/muk3iMPgzrXto8zPsEl3imsP3EBh4KwanBVHIf8pEkBQ+/7iMTgQ==}
    cpu: [x64]
    os: [linux]

  '@rolldown/binding-linux-x64-musl@1.0.0-beta.1':
    resolution: {integrity: sha512-uIqKwnkZjTY8FmqGMaSjwtWlCdV88LV9bjdkv+mb7I+BBw+9cJlIQy0P8YnGEOEcnDPis/SiraCpkJ/eHYaSZw==}
    cpu: [x64]
    os: [linux]

  '@rolldown/binding-wasm32-wasi@1.0.0-beta.1':
    resolution: {integrity: sha512-RB+gbhwZtTbKbvHzUcaRFva2ONCUTuxDEb/b3/rd3O82OTPUZzOY24mqreiXH1XG09p6WFXSE8dzUrN120Q29w==}
    engines: {node: '>=14.21.3'}
    cpu: [wasm32]

  '@rolldown/binding-win32-arm64-msvc@1.0.0-beta.1':
    resolution: {integrity: sha512-NSccQD7+9vhEfDMc8HyODuUU1jLYEsEiICc1zwmbeg0FXx1pwpFpZZQby4bAMnK2obav7D9FfsruYWodhNdIqQ==}
    cpu: [arm64]
    os: [win32]

  '@rolldown/binding-win32-ia32-msvc@1.0.0-beta.1':
    resolution: {integrity: sha512-bUQOqqHfqgX9gHGZFGVYQRtc4+9diFDS/f85dKrzzUg7MF91ZU9mJUoemL4eyyj3B83N3FlHZtAPvDX3N2Zz8A==}
    cpu: [ia32]
    os: [win32]

  '@rolldown/binding-win32-x64-msvc@1.0.0-beta.1':
    resolution: {integrity: sha512-k8Ld05OlxkzR/+Ob8+IESaZ4uFcgLwbbwtUZLoryn3S6lCogkclcN/4m1wo/PyWtUAWF5mdz83SrkRL8dS4AqA==}
    cpu: [x64]
    os: [win32]

  '@trivago/prettier-plugin-sort-imports@5.2.1':
    resolution: {integrity: sha512-NDZndt0fmVThIx/8cExuJHLZagUVzfGCoVrwH9x6aZvwfBdkrDFTYujecek6X2WpG4uUFsVaPg5+aNQPSyjcmw==}
    engines: {node: '>18.12'}
    peerDependencies:
      '@vue/compiler-sfc': 3.x
      prettier: 2.x - 3.x
      prettier-plugin-svelte: 3.x
      svelte: 4.x || 5.x
    peerDependenciesMeta:
      '@vue/compiler-sfc':
        optional: true
      prettier-plugin-svelte:
        optional: true
      svelte:
        optional: true

  '@trpc/server@11.0.0-rc.700':
    resolution: {integrity: sha512-EmbaGj76YcZWsnujZrrJEYa/2a6ZncTMm1he99RlemWE/ZsZbN+I+KCz+VKIsUr+JLaQmQMElcXs2x0qLI6T5g==}
    peerDependencies:
      typescript: '>=5.7.2'

  '@tybys/wasm-util@0.9.0':
    resolution: {integrity: sha512-6+7nlbMVX/PVDCwaIQ8nTOPveOcFLSt8GcXdx8hD0bt39uWxYT88uXzqTd4fTvqta7oeUJqudepapKNt2DYJFw==}

  '@types/busboy@1.5.4':
    resolution: {integrity: sha512-kG7WrUuAKK0NoyxfQHsVE6j1m01s6kMma64E+OZenQABMQyTJop1DumUWcLwAQ2JzpefU7PDYoRDKl8uZosFjw==}

  '@types/node@22.10.7':
    resolution: {integrity: sha512-V09KvXxFiutGp6B7XkpaDXlNadZxrzajcY50EuoLIpQ6WWYCSvf19lVIazzfIzQvhUN2HjX12spLojTnhuKlGg==}

  '@types/papaparse@5.3.15':
    resolution: {integrity: sha512-JHe6vF6x/8Z85nCX4yFdDslN11d+1pr12E526X8WAfhadOeaOTx5AuIkvDKIBopfvlzpzkdMx4YyvSKCM9oqtw==}

  busboy@1.6.0:
    resolution: {integrity: sha512-8SFQbg/0hQ9xy3UNTB0YEnsNBbWfhf7RtnzpL7TkBiTBRfrQ9Fxcnz7VJsleJpyp6rVLvXiuORqjlHi5q+PYuA==}
    engines: {node: '>=10.16.0'}

  copy-anything@3.0.5:
    resolution: {integrity: sha512-yCEafptTtb4bk7GLEQoM8KVJpxAfdBJYaXyzQEgQQQgYrZiDp8SJmGKlYza6CYjEDNstAdNdKA3UuoULlEbS6w==}
    engines: {node: '>=12.13'}

  date-fns@4.1.0:
    resolution: {integrity: sha512-Ukq0owbQXxa/U3EGtsdVBkR1w7KOQ5gIBqdH2hkvknzZPYvBxb/aa6E8L7tmjFtkwZBu3UXBbjIgPo/Ez4xaNg==}

  debug@4.4.0:
    resolution: {integrity: sha512-6WTZ/IxCY/T6BALoZHaE4ctp9xm+Z5kY/pzYaCHRFeyVhojxlrm+46y68HA6hr0TcwEssoxNiDEUJQjfPZ/RYA==}
    engines: {node: '>=6.0'}
    peerDependencies:
      supports-color: '*'
    peerDependenciesMeta:
      supports-color:
        optional: true

  dotenv@16.4.7:
    resolution: {integrity: sha512-47qPchRCykZC03FhkYAhrvwU4xDBFIj1QPqaarj6mdM/hgUzfPHcpkHJOn3mJAufFeeAxAzeGsr5X0M4k6fLZQ==}
    engines: {node: '>=12'}

  globals@11.12.0:
    resolution: {integrity: sha512-WOBp/EEGUiIsJSp7wcv/y6MO+lV9UoncWqxuFfm8eBwzWNgyfBd6Gz+IeKQ9jCmyhoH99g15M3T+QaVHFjizVA==}
    engines: {node: '>=4'}

  is-what@4.1.16:
    resolution: {integrity: sha512-ZhMwEosbFJkA0YhFnNDgTM4ZxDRsS6HqTo7qsZM08fehyRYIYa0yHu5R6mgo1n/8MgaPBXiPimPD77baVFYg+A==}
    engines: {node: '>=12.13'}

  javascript-natural-sort@0.7.1:
    resolution: {integrity: sha512-nO6jcEfZWQXDhOiBtG2KvKyEptz7RVbpGP4vTD2hLBdmNQSsCiicO2Ioinv6UI4y9ukqnBpy+XZ9H6uLNgJTlw==}

  js-tokens@4.0.0:
    resolution: {integrity: sha512-RdJUflcE3cUzKiMqQgsCu06FPu9UdIJO0beYbPhHN4k6apgJtifcoCtT9bcxOpYBtpD2kCM6Sbzg4CausW/PKQ==}

  jsesc@3.1.0:
    resolution: {integrity: sha512-/sM3dO2FOzXjKQhJuo0Q173wf2KOo8t4I8vHy6lF9poUp7bKT0/NHE8fPX23PwfhnykfqnC2xRxOnVw5XuGIaA==}
    engines: {node: '>=6'}
    hasBin: true

  lodash@4.17.21:
    resolution: {integrity: sha512-v2kDEe57lecTulaDIuNTPy3Ry4gLGJ6Z1O3vE1krgXZNrsQ+LFTGHVxVjcXPs17LhbZVGedAJv8XZ1tvj5FvSg==}

  ms@2.1.3:
    resolution: {integrity: sha512-6FlzubTLZG3J2a/NVCAleEhjzq5oxgHyaCU9yYXvcLsvoVaHJq/s5xXI6/XXP6tz7R9xAOtHnSO/tXtF3WRTlA==}

  nanoid@5.0.9:
    resolution: {integrity: sha512-Aooyr6MXU6HpvvWXKoVoXwKMs/KyVakWwg7xQfv5/S/RIgJMy0Ifa45H9qqYy7pTCszrHzP21Uk4PZq2HpEM8Q==}
    engines: {node: ^18 || >=20}
    hasBin: true

  papaparse@5.5.1:
    resolution: {integrity: sha512-EuEKUhyxrHVozD7g3/ztsJn6qaKse8RPfR6buNB2dMJvdtXNhcw8jccVi/LxNEY3HVrV6GO6Z4OoeCG9Iy9wpA==}

  picocolors@1.1.1:
    resolution: {integrity: sha512-xceH2snhtb5M9liqDsmEw56le376mTZkEX/jEb/RxNFyegNul7eNslCXP9FDj/Lcu0X8KEyMceP2ntpaHrDEVA==}

  postgres@3.4.5:
    resolution: {integrity: sha512-cDWgoah1Gez9rN3H4165peY9qfpEo+SA61oQv65O3cRUE1pOEoJWwddwcqKE8XZYjbblOJlYDlLV4h67HrEVDg==}
    engines: {node: '>=12'}

  prettier@3.4.2:
    resolution: {integrity: sha512-e9MewbtFo+Fevyuxn/4rrcDAaq0IYxPGLvObpQjiZBMAzB9IGmzlnG9RZy3FFas+eBMu2vA0CszMeduow5dIuQ==}
    engines: {node: '>=14'}
    hasBin: true

  rolldown@1.0.0-beta.1:
    resolution: {integrity: sha512-19B2HoY3zcR7Um+zVDOvV1gQ1d6acUIouCUMGxvlZ/0kTjcMSFr8tuLWmRRYIV7y1mrgPbJRd1cPFVd4p1l8nQ==}
    hasBin: true
    peerDependencies:
      '@babel/runtime': '>=7'
    peerDependenciesMeta:
      '@babel/runtime':
        optional: true

  streamsearch@1.1.0:
    resolution: {integrity: sha512-Mcc5wHehp9aXz1ax6bZUyY5afg9u2rv5cqQI3mRrYkGC8rW2hM02jWuwjtL++LS5qinSyhj2QfLyNsuc+VsExg==}
    engines: {node: '>=10.0.0'}

  superjson@2.2.2:
    resolution: {integrity: sha512-5JRxVqC8I8NuOUjzBbvVJAKNM8qoVuH0O77h4WInc/qC2q5IreqKxYwgkga3PfA22OayK2ikceb/B26dztPl+Q==}
    engines: {node: '>=16'}

  tslib@2.8.1:
    resolution: {integrity: sha512-oJFu94HQb+KVduSUQL7wnpmqnfmLsOA/nAh6b6EH0wCEoK0/mPeXU6c3wKDV83MkOuHPRHtSXKKU99IBazS/2w==}

  typescript@5.7.3:
    resolution: {integrity: sha512-84MVSjMEHP+FQRPy3pX9sTVV/INIex71s9TL2Gm5FG/WG1SqXeKyZ0k7/blY/4FdOzI12CBy1vGc4og/eus0fw==}
    engines: {node: '>=14.17'}
    hasBin: true

  undici-types@6.20.0:
    resolution: {integrity: sha512-Ny6QZ2Nju20vw1SRHe3d9jVu6gJ+4e3+MMpqu7pqE5HT6WsTSlce++GQmK5UXS8mzV8DSYHrQH+Xrf2jVcuKNg==}

  valibot@1.0.0-beta.11:
    resolution: {integrity: sha512-Ztl5Iks1Ql7Z6CwkS5oyqguN3G8tmUiNlsHpqbDt6DLMpm+eu+n8Q7f921gI3uHvNZ8xDVkd4cEJP5t+lELOfw==}
    peerDependencies:
      typescript: '>=5'
    peerDependenciesMeta:
      typescript:
        optional: true

  zod@3.24.1:
    resolution: {integrity: sha512-muH7gBL9sI1nciMZV67X5fTKKBLtwpZ5VBp1vsOQzj1MhrBZ4wlVCm3gedKZWLp0Oyel8sIGfeiz54Su+OVT+A==}

snapshots:

  '@babel/code-frame@7.26.2':
    dependencies:
      '@babel/helper-validator-identifier': 7.25.9
      js-tokens: 4.0.0
      picocolors: 1.1.1

  '@babel/generator@7.26.5':
    dependencies:
      '@babel/parser': 7.26.5
      '@babel/types': 7.26.5
      '@jridgewell/gen-mapping': 0.3.8
      '@jridgewell/trace-mapping': 0.3.25
      jsesc: 3.1.0

  '@babel/helper-string-parser@7.25.9': {}

  '@babel/helper-validator-identifier@7.25.9': {}

  '@babel/parser@7.26.5':
    dependencies:
      '@babel/types': 7.26.5

  '@babel/template@7.25.9':
    dependencies:
      '@babel/code-frame': 7.26.2
      '@babel/parser': 7.26.5
      '@babel/types': 7.26.5

  '@babel/traverse@7.26.5':
    dependencies:
      '@babel/code-frame': 7.26.2
      '@babel/generator': 7.26.5
      '@babel/parser': 7.26.5
      '@babel/template': 7.25.9
      '@babel/types': 7.26.5
      debug: 4.4.0
      globals: 11.12.0
    transitivePeerDependencies:
      - supports-color

  '@babel/types@7.26.5':
    dependencies:
      '@babel/helper-string-parser': 7.25.9
      '@babel/helper-validator-identifier': 7.25.9

  '@emnapi/core@1.3.1':
    dependencies:
      '@emnapi/wasi-threads': 1.0.1
      tslib: 2.8.1
    optional: true

  '@emnapi/runtime@1.3.1':
    dependencies:
      tslib: 2.8.1
    optional: true

  '@emnapi/wasi-threads@1.0.1':
    dependencies:
      tslib: 2.8.1
    optional: true

  '@jridgewell/gen-mapping@0.3.8':
    dependencies:
      '@jridgewell/set-array': 1.2.1
      '@jridgewell/sourcemap-codec': 1.5.0
      '@jridgewell/trace-mapping': 0.3.25

  '@jridgewell/resolve-uri@3.1.2': {}

  '@jridgewell/set-array@1.2.1': {}

  '@jridgewell/sourcemap-codec@1.5.0': {}

  '@jridgewell/trace-mapping@0.3.25':
    dependencies:
      '@jridgewell/resolve-uri': 3.1.2
      '@jridgewell/sourcemap-codec': 1.5.0

  '@napi-rs/wasm-runtime@0.2.6':
    dependencies:
      '@emnapi/core': 1.3.1
      '@emnapi/runtime': 1.3.1
      '@tybys/wasm-util': 0.9.0
    optional: true

  '@rolldown/binding-darwin-arm64@1.0.0-beta.1':
    optional: true

  '@rolldown/binding-darwin-x64@1.0.0-beta.1':
    optional: true

  '@rolldown/binding-freebsd-x64@1.0.0-beta.1':
    optional: true

  '@rolldown/binding-linux-arm-gnueabihf@1.0.0-beta.1':
    optional: true

  '@rolldown/binding-linux-arm64-gnu@1.0.0-beta.1':
    optional: true

  '@rolldown/binding-linux-arm64-musl@1.0.0-beta.1':
    optional: true

  '@rolldown/binding-linux-x64-gnu@1.0.0-beta.1':
    optional: true

  '@rolldown/binding-linux-x64-musl@1.0.0-beta.1':
    optional: true

  '@rolldown/binding-wasm32-wasi@1.0.0-beta.1':
    dependencies:
      '@napi-rs/wasm-runtime': 0.2.6
    optional: true

  '@rolldown/binding-win32-arm64-msvc@1.0.0-beta.1':
    optional: true

  '@rolldown/binding-win32-ia32-msvc@1.0.0-beta.1':
    optional: true

  '@rolldown/binding-win32-x64-msvc@1.0.0-beta.1':
    optional: true

  '@trivago/prettier-plugin-sort-imports@5.2.1(prettier@3.4.2)':
    dependencies:
      '@babel/generator': 7.26.5
      '@babel/parser': 7.26.5
      '@babel/traverse': 7.26.5
      '@babel/types': 7.26.5
      javascript-natural-sort: 0.7.1
      lodash: 4.17.21
      prettier: 3.4.2
    transitivePeerDependencies:
      - supports-color

  '@trpc/server@11.0.0-rc.700(typescript@5.7.3)':
    dependencies:
      typescript: 5.7.3

  '@tybys/wasm-util@0.9.0':
    dependencies:
      tslib: 2.8.1
    optional: true

  '@types/busboy@1.5.4':
    dependencies:
      '@types/node': 22.10.7

  '@types/node@22.10.7':
    dependencies:
      undici-types: 6.20.0

  '@types/papaparse@5.3.15':
    dependencies:
      '@types/node': 22.10.7

  busboy@1.6.0:
    dependencies:
      streamsearch: 1.1.0

  copy-anything@3.0.5:
    dependencies:
      is-what: 4.1.16

  date-fns@4.1.0: {}

  debug@4.4.0:
    dependencies:
      ms: 2.1.3

  dotenv@16.4.7: {}

  globals@11.12.0: {}

  is-what@4.1.16: {}

  javascript-natural-sort@0.7.1: {}

  js-tokens@4.0.0: {}

  jsesc@3.1.0: {}

  lodash@4.17.21: {}

  ms@2.1.3: {}

  nanoid@5.0.9: {}

  papaparse@5.5.1: {}

  picocolors@1.1.1: {}

  postgres@3.4.5: {}

  prettier@3.4.2: {}

  rolldown@1.0.0-beta.1:
    dependencies:
      zod: 3.24.1
    optionalDependencies:
      '@rolldown/binding-darwin-arm64': 1.0.0-beta.1
      '@rolldown/binding-darwin-x64': 1.0.0-beta.1
      '@rolldown/binding-freebsd-x64': 1.0.0-beta.1
      '@rolldown/binding-linux-arm-gnueabihf': 1.0.0-beta.1
      '@rolldown/binding-linux-arm64-gnu': 1.0.0-beta.1
      '@rolldown/binding-linux-arm64-musl': 1.0.0-beta.1
      '@rolldown/binding-linux-x64-gnu': 1.0.0-beta.1
      '@rolldown/binding-linux-x64-musl': 1.0.0-beta.1
      '@rolldown/binding-wasm32-wasi': 1.0.0-beta.1
      '@rolldown/binding-win32-arm64-msvc': 1.0.0-beta.1
      '@rolldown/binding-win32-ia32-msvc': 1.0.0-beta.1
      '@rolldown/binding-win32-x64-msvc': 1.0.0-beta.1

  streamsearch@1.1.0: {}

  superjson@2.2.2:
    dependencies:
      copy-anything: 3.0.5

  tslib@2.8.1:
    optional: true

  typescript@5.7.3: {}

  undici-types@6.20.0: {}

  valibot@1.0.0-beta.11(typescript@5.7.3):
    optionalDependencies:
      typescript: 5.7.3

  zod@3.24.1: {}
