{
  "lockfileVersion": 1,
  "configVersion": 1,
  "workspaces": {
    "": {
      "name": "node-sync",
      "dependencies": {
        "@hono/node-server": "^1.19.13",
        "dotenv": "^17.4.1",
        "hono": "^4.12.12",
        "postgres": "^3.4.9",
        "ulid": "^3.0.2",
      },
      "devDependencies": {
        "@types/bun": "latest",
      },
      "peerDependencies": {
        "typescript": "^5",
      },
    },
  },
  "packages": {
    "@hono/node-server": ["@hono/node-server@1.19.13", "", { "peerDependencies": { "hono": "^4" } }, "sha512-TsQLe4i2gvoTtrHje625ngThGBySOgSK3Xo2XRYOdqGN1teR8+I7vchQC46uLJi8OF62YTYA3AhSpumtkhsaKQ=="],

    "@types/bun": ["@types/bun@1.3.11", "", { "dependencies": { "bun-types": "1.3.11" } }, "sha512-5vPne5QvtpjGpsGYXiFyycfpDF2ECyPcTSsFBMa0fraoxiQyMJ3SmuQIGhzPg2WJuWxVBoxWJ2kClYTcw/4fAg=="],

    "@types/node": ["@types/node@25.5.2", "", { "dependencies": { "undici-types": "~7.18.0" } }, "sha512-tO4ZIRKNC+MDWV4qKVZe3Ql/woTnmHDr5JD8UI5hn2pwBrHEwOEMZK7WlNb5RKB6EoJ02gwmQS9OrjuFnZYdpg=="],

    "bun-types": ["bun-types@1.3.11", "", { "dependencies": { "@types/node": "*" } }, "sha512-1KGPpoxQWl9f6wcZh57LvrPIInQMn2TQ7jsgxqpRzg+l0QPOFvJVH7HmvHo/AiPgwXy+/Thf6Ov3EdVn1vOabg=="],

    "dotenv": ["dotenv@17.4.1", "", {}, "sha512-k8DaKGP6r1G30Lx8V4+pCsLzKr8vLmV2paqEj1Y55GdAgJuIqpRp5FfajGF8KtwMxCz9qJc6wUIJnm053d/WCw=="],

    "hono": ["hono@4.12.12", "", {}, "sha512-p1JfQMKaceuCbpJKAPKVqyqviZdS0eUxH9v82oWo1kb9xjQ5wA6iP3FNVAPDFlz5/p7d45lO+BpSk1tuSZMF4Q=="],

    "postgres": ["postgres@3.4.9", "", {}, "sha512-GD3qdB0x1z9xgFI6cdRD6xu2Sp2WCOEoe3mtnyB5Ee0XrrL5Pe+e4CCnJrRMnL1zYtRDZmQQVbvOttLnKDLnaw=="],

    "typescript": ["typescript@5.9.3", "", { "bin": { "tsc": "bin/tsc", "tsserver": "bin/tsserver" } }, "sha512-jl1vZzPDinLr9eUt3J/t7V6FgNEw9QjvBPdysz9KfQDD41fQrC2Y4vKQdiaUpFT4bXlb1RHhLpp8wtm6M5TgSw=="],

    "ulid": ["ulid@3.0.2", "", { "bin": { "ulid": "dist/cli.js" } }, "sha512-yu26mwteFYzBAot7KVMqFGCVpsF6g8wXfJzQUHvu1no3+rRRSFcSV2nKeYvNPLD2J4b08jYBDhHUjeH0ygIl9w=="],

    "undici-types": ["undici-types@7.18.2", "", {}, "sha512-AsuCzffGHJybSaRrmr5eHr81mwJU3kjw6M+uprWvCXiNeN9SOGwQ3Jn8jb8m3Z6izVgknn1R0FTCEAP2QrLY/w=="],
  }
}
